
Microsoft Visual Studio Solution File, Format Version 12.00
# Visual Studio 15
VisualStudioVersion = 15.0.27428.2002
MinimumVisualStudioVersion = 10.0.40219.1
Project("{FAE04EC0-301F-11D3-BF4B-00C04F79EFBC}") = "Server", "Server\Server.csproj", "{2D925D77-B2F1-4B3E-9D1E-FC4FE3BD50D2}"
EndProject
Project("{FAE04EC0-301F-11D3-BF4B-00C04F79EFBC}") = "Client", "Client\Client.csproj", "{624E41F2-7493-439E-A0FA-58CC067C0FBC}"
EndProject
Global
	GlobalSection(SolutionConfigurationPlatforms) = preSolution
		Debug|Any CPU = Debug|Any CPU
		Release|Any CPU = Release|Any CPU
	EndGlobalSection
	GlobalSection(ProjectConfigurationPlatforms) = postSolution
		{2D925D77-B2F1-4B3E-9D1E-FC4FE3BD50D2}.Debug|Any CPU.ActiveCfg = Debug|Any CPU
		{2D925D77-B2F1-4B3E-9D1E-FC4FE3BD50D2}.Debug|Any CPU.Build.0 = Debug|Any CPU
		{2D925D77-B2F1-4B3E-9D1E-FC4FE3BD50D2}.Release|Any CPU.ActiveCfg = Release|Any CPU
		{2D925D77-B2F1-4B3E-9D1E-FC4FE3BD50D2}.Release|Any CPU.Build.0 = Release|Any CPU
		{624E41F2-7493-439E-A0FA-58CC067C0FBC}.Debug|Any CPU.ActiveCfg = Debug|Any CPU
		{624E41F2-7493-439E-A0FA-58CC067C0FBC}.Debug|Any CPU.Build.0 = Debug|Any CPU
		{624E41F2-7493-439E-A0FA-58CC067C0FBC}.Release|Any CPU.ActiveCfg = Release|Any CPU
		{624E41F2-7493-439E-A0FA-58CC067C0FBC}.Release|Any CPU.Build.0 = Release|Any CPU
	EndGlobalSection
	GlobalSection(SolutionProperties) = preSolution
		HideSolutionNode = FALSE
	EndGlobalSection
	GlobalSection(ExtensibilityGlobals) = postSolution
		SolutionGuid = {0A8F5110-0995-4DD8-8BBA-7D6A0BB72B5B}
	EndGlobalSection
EndGlobal
